// !$*UTF8*$!
{
	archiveVersion = 1;
	classes = {
	};
	objectVersion = 56;
	objects = {

/* Begin PBXBuildFile section */
		3E5CCD542B77FAC8B3B7E6C0 /* Pods_Planck3D.framework in Frameworks */ = {isa = PBXBuildFile; fileRef = E9358555DF34BCDF8E950F1C /* Pods_Planck3D.framework */; };
		CCC38B442BE3A57000735840 /* Planck3DApp.swift in Sources */ = {isa = PBXBuildFile; fileRef = CCC38B432BE3A57000735840 /* Planck3DApp.swift */; };
		CCC38B462BE3A57000735840 /* UIViewControllerRepresentablePlanck3D.swift in Sources */ = {isa = PBXBuildFile; fileRef = CCC38B452BE3A57000735840 /* UIViewControllerRepresentablePlanck3D.swift */; };
		CCC38B482BE3A57100735840 /* Assets.xcassets in Resources */ = {isa = PBXBuildFile; fileRef = CCC38B472BE3A57100735840 /* Assets.xcassets */; };
		CCC38B4B2BE3A57100735840 /* Preview Assets.xcassets in Resources */ = {isa = PBXBuildFile; fileRef = CCC38B4A2BE3A57100735840 /* Preview Assets.xcassets */; };
		CCC596342BE50DFF003A529E /* Constants.swift in Sources */ = {isa = PBXBuildFile; fileRef = CCC596332BE50DFF003A529E /* Constants.swift */; };
/* End PBXBuildFile section */

/* Begin PBXFileReference section */
		0D736F0EABF921C9E7316A34 /* Pods-Planck3D.release.xcconfig */ = {isa = PBXFileReference; includeInIndex = 1; lastKnownFileType = text.xcconfig; name = "Pods-Planck3D.release.xcconfig"; path = "Target Support Files/Pods-Planck3D/Pods-Planck3D.release.xcconfig"; sourceTree = "<group>"; };
		CCC38B402BE3A57000735840 /* Planck3D.app */ = {isa = PBXFileReference; explicitFileType = wrapper.application; includeInIndex = 0; path = Planck3D.app; sourceTree = BUILT_PRODUCTS_DIR; };
		CCC38B432BE3A57000735840 /* Planck3DApp.swift */ = {isa = PBXFileReference; lastKnownFileType = sourcecode.swift; path = Planck3DApp.swift; sourceTree = "<group>"; };
		CCC38B452BE3A57000735840 /* UIViewControllerRepresentablePlanck3D.swift */ = {isa = PBXFileReference; lastKnownFileType = sourcecode.swift; path = UIViewControllerRepresentablePlanck3D.swift; sourceTree = "<group>"; };
		CCC38B472BE3A57100735840 /* Assets.xcassets */ = {isa = PBXFileReference; lastKnownFileType = folder.assetcatalog; path = Assets.xcassets; sourceTree = "<group>"; };
		CCC38B4A2BE3A57100735840 /* Preview Assets.xcassets */ = {isa = PBXFileReference; lastKnownFileType = folder.assetcatalog; path = "Preview Assets.xcassets"; sourceTree = "<group>"; };
		CCC596332BE50DFF003A529E /* Constants.swift */ = {isa = PBXFileReference; lastKnownFileType = sourcecode.swift; path = Constants.swift; sourceTree = "<group>"; };
		E9358555DF34BCDF8E950F1C /* Pods_Planck3D.framework */ = {isa = PBXFileReference; explicitFileType = wrapper.framework; includeInIndex = 0; path = Pods_Planck3D.framework; sourceTree = BUILT_PRODUCTS_DIR; };
		F914C6676278F975387F1679 /* Pods-Planck3D.debug.xcconfig */ = {isa = PBXFileReference; includeInIndex = 1; lastKnownFileType = text.xcconfig; name = "Pods-Planck3D.debug.xcconfig"; path = "Target Support Files/Pods-Planck3D/Pods-Planck3D.debug.xcconfig"; sourceTree = "<group>"; };
/* End PBXFileReference section */

/* Begin PBXFrameworksBuildPhase section */
		CCC38B3D2BE3A57000735840 /* Frameworks */ = {
			isa = PBXFrameworksBuildPhase;
			buildActionMask = 2147483647;
			files = (
				3E5CCD542B77FAC8B3B7E6C0 /* Pods_Planck3D.framework in Frameworks */,
			);
			runOnlyForDeploymentPostprocessing = 0;
		};
/* End PBXFrameworksBuildPhase section */

/* Begin PBXGroup section */
		3770C04015F6AEFDF97BFD44 /* Frameworks */ = {
			isa = PBXGroup;
			children = (
				E9358555DF34BCDF8E950F1C /* Pods_Planck3D.framework */,
			);
			name = Frameworks;
			sourceTree = "<group>";
		};
		44CEB435095A556B7C567060 /* Pods */ = {
			isa = PBXGroup;
			children = (
				F914C6676278F975387F1679 /* Pods-Planck3D.debug.xcconfig */,
				0D736F0EABF921C9E7316A34 /* Pods-Planck3D.release.xcconfig */,
			);
			path = Pods;
			sourceTree = "<group>";
		};
		CCC38B372BE3A57000735840 = {
			isa = PBXGroup;
			children = (
				CCC38B422BE3A57000735840 /* Planck3D */,
				CCC38B412BE3A57000735840 /* Products */,
				44CEB435095A556B7C567060 /* Pods */,
				3770C04015F6AEFDF97BFD44 /* Frameworks */,
			);
			sourceTree = "<group>";
		};
		CCC38B412BE3A57000735840 /* Products */ = {
			isa = PBXGroup;
			children = (
				CCC38B402BE3A57000735840 /* Planck3D.app */,
			);
			name = Products;
			sourceTree = "<group>";
		};
		CCC38B422BE3A57000735840 /* Planck3D */ = {
			isa = PBXGroup;
			children = (
				CCC38B432BE3A57000735840 /* Planck3DApp.swift */,
				CCC38B452BE3A57000735840 /* UIViewControllerRepresentablePlanck3D.swift */,
				CCC596332BE50DFF003A529E /* Constants.swift */,
				CCC38B472BE3A57100735840 /* Assets.xcassets */,
				CCC38B492BE3A57100735840 /* Preview Content */,
			);
			path = Planck3D;
			sourceTree = "<group>";
		};
		CCC38B492BE3A57100735840 /* Preview Content */ = {
			isa = PBXGroup;
			children = (
				CCC38B4A2BE3A57100735840 /* Preview Assets.xcassets */,
			);
			path = "Preview Content";
			sourceTree = "<group>";
		};
/* End PBXGroup section */

/* Begin PBXNativeTarget section */
		CCC38B3F2BE3A57000735840 /* Planck3D */ = {
			isa = PBXNativeTarget;
			buildConfigurationList = CCC38B4E2BE3A57100735840 /* Build configuration list for PBXNativeTarget "Planck3D" */;
			buildPhases = (
				AFC1287F35AAF42B3C1C961D /* [CP] Check Pods Manifest.lock */,
				CCC38B3C2BE3A57000735840 /* Sources */,
				CCC38B3D2BE3A57000735840 /* Frameworks */,
				CCC38B3E2BE3A57000735840 /* Resources */,
				62FA8D1383612791933F5832 /* [CP] Embed Pods Frameworks */,
			);
			buildRules = (
			);
			dependencies = (
			);
			name = Planck3D;
			productName = Planck3D;
			productReference = CCC38B402BE3A57000735840 /* Planck3D.app */;
			productType = "com.apple.product-type.application";
		};
/* End PBXNativeTarget section */

/* Begin PBXProject section */
		CCC38B382BE3A57000735840 /* Project object */ = {
			isa = PBXProject;
			attributes = {
				BuildIndependentTargetsInParallel = 1;
				LastSwiftUpdateCheck = 1530;
				LastUpgradeCheck = 1530;
				TargetAttributes = {
					CCC38B3F2BE3A57000735840 = {
						CreatedOnToolsVersion = 15.3;
					};
				};
			};
			buildConfigurationList = CCC38B3B2BE3A57000735840 /* Build configuration list for PBXProject "Planck3D" */;
			compatibilityVersion = "Xcode 14.0";
			developmentRegion = en;
			hasScannedForEncodings = 0;
			knownRegions = (
				en,
				Base,
			);
			mainGroup = CCC38B372BE3A57000735840;
			productRefGroup = CCC38B412BE3A57000735840 /* Products */;
			projectDirPath = "";
			projectRoot = "";
			targets = (
				CCC38B3F2BE3A57000735840 /* Planck3D */,
			);
		};
/* End PBXProject section */

/* Begin PBXResourcesBuildPhase section */
		CCC38B3E2BE3A57000735840 /* Resources */ = {
			isa = PBXResourcesBuildPhase;
			buildActionMask = 2147483647;
			files = (
				CCC38B4B2BE3A57100735840 /* Preview Assets.xcassets in Resources */,
				CCC38B482BE3A57100735840 /* Assets.xcassets in Resources */,
			);
			runOnlyForDeploymentPostprocessing = 0;
		};
/* End PBXResourcesBuildPhase section */

/* Begin PBXShellScriptBuildPhase section */
		62FA8D1383612791933F5832 /* [CP] Embed Pods Frameworks */ = {
			isa = PBXShellScriptBuildPhase;
			buildActionMask = 2147483647;
			files = (
			);
			inputFileListPaths = (
				"${PODS_ROOT}/Target Support Files/Pods-Planck3D/Pods-Planck3D-frameworks-${CONFIGURATION}-input-files.xcfilelist",
			);
			name = "[CP] Embed Pods Frameworks";
			outputFileListPaths = (
				"${PODS_ROOT}/Target Support Files/Pods-Planck3D/Pods-Planck3D-frameworks-${CONFIGURATION}-output-files.xcfilelist",
			);
			runOnlyForDeploymentPostprocessing = 0;
			shellPath = /bin/sh;
			shellScript = "\"${PODS_ROOT}/Target Support Files/Pods-Planck3D/Pods-Planck3D-frameworks.sh\"\n";
			showEnvVarsInLog = 0;
		};
		AFC1287F35AAF42B3C1C961D /* [CP] Check Pods Manifest.lock */ = {
			isa = PBXShellScriptBuildPhase;
			buildActionMask = 2147483647;
			files = (
			);
			inputFileListPaths = (
			);
			inputPaths = (
				"${PODS_PODFILE_DIR_PATH}/Podfile.lock",
				"${PODS_ROOT}/Manifest.lock",
			);
			name = "[CP] Check Pods Manifest.lock";
			outputFileListPaths = (
			);
			outputPaths = (
				"$(DERIVED_FILE_DIR)/Pods-Planck3D-checkManifestLockResult.txt",
			);
			runOnlyForDeploymentPostprocessing = 0;
			shellPath = /bin/sh;
			shellScript = "diff \"${PODS_PODFILE_DIR_PATH}/Podfile.lock\" \"${PODS_ROOT}/Manifest.lock\" > /dev/null\nif [ $? != 0 ] ; then\n    # print error to STDERR\n    echo \"error: The sandbox is not in sync with the Podfile.lock. Run 'pod install' or update your CocoaPods installation.\" >&2\n    exit 1\nfi\n# This output is used by Xcode 'outputs' to avoid re-running this script phase.\necho \"SUCCESS\" > \"${SCRIPT_OUTPUT_FILE_0}\"\n";
			showEnvVarsInLog = 0;
		};
/* End PBXShellScriptBuildPhase section */

/* Begin PBXSourcesBuildPhase section */
		CCC38B3C2BE3A57000735840 /* Sources */ = {
			isa = PBXSourcesBuildPhase;
			buildActionMask = 2147483647;
			files = (
				CCC38B462BE3A57000735840 /* UIViewControllerRepresentablePlanck3D.swift in Sources */,
				CCC38B442BE3A57000735840 /* Planck3DApp.swift in Sources */,
				CCC596342BE50DFF003A529E /* Constants.swift in Sources */,
			);
			runOnlyForDeploymentPostprocessing = 0;
		};
/* End PBXSourcesBuildPhase section */

/* Begin XCBuildConfiguration section */
		CCC38B4C2BE3A57100735840 /* Debug */ = {
			isa = XCBuildConfiguration;
			buildSettings = {
				ALWAYS_SEARCH_USER_PATHS = NO;
				ASSETCATALOG_COMPILER_GENERATE_SWIFT_ASSET_SYMBOL_EXTENSIONS = YES;
				CLANG_ANALYZER_NONNULL = YES;
				CLANG_ANALYZER_NUMBER_OBJECT_CONVERSION = YES_AGGRESSIVE;
				CLANG_CXX_LANGUAGE_STANDARD = "gnu++20";
				CLANG_ENABLE_MODULES = YES;
				CLANG_ENABLE_OBJC_ARC = YES;
				CLANG_ENABLE_OBJC_WEAK = YES;
				CLANG_WARN_BLOCK_CAPTURE_AUTORELEASING = YES;
				CLANG_WARN_BOOL_CONVERSION = YES;
				CLANG_WARN_COMMA = YES;
				CLANG_WARN_CONSTANT_CONVERSION = YES;
				CLANG_WARN_DEPRECATED_OBJC_IMPLEMENTATIONS = YES;
				CLANG_WARN_DIRECT_OBJC_ISA_USAGE = YES_ERROR;
				CLANG_WARN_DOCUMENTATION_COMMENTS = YES;
				CLANG_WARN_EMPTY_BODY = YES;
				CLANG_WARN_ENUM_CONVERSION = YES;
				CLANG_WARN_INFINITE_RECURSION = YES;
				CLANG_WARN_INT_CONVERSION = YES;
				CLANG_WARN_NON_LITERAL_NULL_CONVERSION = YES;
				CLANG_WARN_OBJC_IMPLICIT_RETAIN_SELF = YES;
				CLANG_WARN_OBJC_LITERAL_CONVERSION = YES;
				CLANG_WARN_OBJC_ROOT_CLASS = YES_ERROR;
				CLANG_WARN_QUOTED_INCLUDE_IN_FRAMEWORK_HEADER = YES;
				CLANG_WARN_RANGE_LOOP_ANALYSIS = YES;
				CLANG_WARN_STRICT_PROTOTYPES = YES;
				CLANG_WARN_SUSPICIOUS_MOVE = YES;
				CLANG_WARN_UNGUARDED_AVAILABILITY = YES_AGGRESSIVE;
				CLANG_WARN_UNREACHABLE_CODE = YES;
				CLANG_WARN__DUPLICATE_METHOD_MATCH = YES;
				COPY_PHASE_STRIP = NO;
				DEBUG_INFORMATION_FORMAT = dwarf;
				ENABLE_STRICT_OBJC_MSGSEND = YES;
				ENABLE_TESTABILITY = YES;
				ENABLE_USER_SCRIPT_SANDBOXING = NO;
				GCC_C_LANGUAGE_STANDARD = gnu17;
				GCC_DYNAMIC_NO_PIC = NO;
				GCC_NO_COMMON_BLOCKS = YES;
				GCC_OPTIMIZATION_LEVEL = 0;
				GCC_PREPROCESSOR_DEFINITIONS = (
					"DEBUG=1",
					"$(inherited)",
				);
				GCC_WARN_64_TO_32_BIT_CONVERSION = YES;
				GCC_WARN_ABOUT_RETURN_TYPE = YES_ERROR;
				GCC_WARN_UNDECLARED_SELECTOR = YES;
				GCC_WARN_UNINITIALIZED_AUTOS = YES_AGGRESSIVE;
				GCC_WARN_UNUSED_FUNCTION = YES;
				GCC_WARN_UNUSED_VARIABLE = YES;
				IPHONEOS_DEPLOYMENT_TARGET = 17.4;
				LOCALIZATION_PREFERS_STRING_CATALOGS = YES;
				MTL_ENABLE_DEBUG_INFO = INCLUDE_SOURCE;
				MTL_FAST_MATH = YES;
				ONLY_ACTIVE_ARCH = YES;
				SDKROOT = iphoneos;
				SWIFT_ACTIVE_COMPILATION_CONDITIONS = "DEBUG $(inherited)";
				SWIFT_OPTIMIZATION_LEVEL = "-Onone";
			};
			name = Debug;
		};
		CCC38B4D2BE3A57100735840 /* Release */ = {
			isa = XCBuildConfiguration;
			buildSettings = {
				ALWAYS_SEARCH_USER_PATHS = NO;
				ASSETCATALOG_COMPILER_GENERATE_SWIFT_ASSET_SYMBOL_EXTENSIONS = YES;
				CLANG_ANALYZER_NONNULL = YES;
				CLANG_ANALYZER_NUMBER_OBJECT_CONVERSION = YES_AGGRESSIVE;
				CLANG_CXX_LANGUAGE_STANDARD = "gnu++20";
				CLANG_ENABLE_MODULES = YES;
				CLANG_ENABLE_OBJC_ARC = YES;
				CLANG_ENABLE_OBJC_WEAK = YES;
				CLANG_WARN_BLOCK_CAPTURE_AUTORELEASING = YES;
				CLANG_WARN_BOOL_CONVERSION = YES;
				CLANG_WARN_COMMA = YES;
				CLANG_WARN_CONSTANT_CONVERSION = YES;
				CLANG_WARN_DEPRECATED_OBJC_IMPLEMENTATIONS = YES;
				CLANG_WARN_DIRECT_OBJC_ISA_USAGE = YES_ERROR;
				CLANG_WARN_DOCUMENTATION_COMMENTS = YES;
				CLANG_WARN_EMPTY_BODY = YES;
				CLANG_WARN_ENUM_CONVERSION = YES;
				CLANG_WARN_INFINITE_RECURSION = YES;
				CLANG_WARN_INT_CONVERSION = YES;
				CLANG_WARN_NON_LITERAL_NULL_CONVERSION = YES;
				CLANG_WARN_OBJC_IMPLICIT_RETAIN_SELF = YES;
				CLANG_WARN_OBJC_LITERAL_CONVERSION = YES;
				CLANG_WARN_OBJC_ROOT_CLASS = YES_ERROR;
				CLANG_WARN_QUOTED_INCLUDE_IN_FRAMEWORK_HEADER = YES;
				CLANG_WARN_RANGE_LOOP_ANALYSIS = YES;
				CLANG_WARN_STRICT_PROTOTYPES = YES;
				CLANG_WARN_SUSPICIOUS_MOVE = YES;
				CLANG_WARN_UNGUARDED_AVAILABILITY = YES_AGGRESSIVE;
				CLANG_WARN_UNREACHABLE_CODE = YES;
				CLANG_WARN__DUPLICATE_METHOD_MATCH = YES;
				COPY_PHASE_STRIP = NO;
				DEBUG_INFORMATION_FORMAT = "dwarf-with-dsym";
				ENABLE_NS_ASSERTIONS = NO;
				ENABLE_STRICT_OBJC_MSGSEND = YES;
				ENABLE_USER_SCRIPT_SANDBOXING = NO;
				GCC_C_LANGUAGE_STANDARD = gnu17;
				GCC_NO_COMMON_BLOCKS = YES;
				GCC_WARN_64_TO_32_BIT_CONVERSION = YES;
				GCC_WARN_ABOUT_RETURN_TYPE = YES_ERROR;
				GCC_WARN_UNDECLARED_SELECTOR = YES;
				GCC_WARN_UNINITIALIZED_AUTOS = YES_AGGRESSIVE;
				GCC_WARN_UNUSED_FUNCTION = YES;
				GCC_WARN_UNUSED_VARIABLE = YES;
				IPHONEOS_DEPLOYMENT_TARGET = 17.4;
				LOCALIZATION_PREFERS_STRING_CATALOGS = YES;
				MTL_ENABLE_DEBUG_INFO = NO;
				MTL_FAST_MATH = YES;
				SDKROOT = iphoneos;
				SWIFT_COMPILATION_MODE = wholemodule;
				VALIDATE_PRODUCT = YES;
			};
			name = Release;
		};
		CCC38B4F2BE3A57100735840 /* Debug */ = {
			isa = XCBuildConfiguration;
			baseConfigurationReference = F914C6676278F975387F1679 /* Pods-Planck3D.debug.xcconfig */;
			buildSettings = {
				ASSETCATALOG_COMPILER_APPICON_NAME = AppIcon;
				ASSETCATALOG_COMPILER_GLOBAL_ACCENT_COLOR_NAME = AccentColor;
				CODE_SIGN_STYLE = Automatic;
				CURRENT_PROJECT_VERSION = 1;
				DEVELOPMENT_ASSET_PATHS = "\"Planck3D/Preview Content\"";
				DEVELOPMENT_TEAM = 8742X93NKZ;
				ENABLE_PREVIEWS = YES;
				GENERATE_INFOPLIST_FILE = YES;
				INFOPLIST_KEY_UIApplicationSceneManifest_Generation = YES;
				INFOPLIST_KEY_UIApplicationSupportsIndirectInputEvents = YES;
				INFOPLIST_KEY_UILaunchScreen_Generation = YES;
				INFOPLIST_KEY_UISupportedInterfaceOrientations_iPad = "UIInterfaceOrientationPortrait UIInterfaceOrientationPortraitUpsideDown UIInterfaceOrientationLandscapeLeft UIInterfaceOrientationLandscapeRight";
				INFOPLIST_KEY_UISupportedInterfaceOrientations_iPhone = "UIInterfaceOrientationPortrait UIInterfaceOrientationLandscapeLeft UIInterfaceOrientationLandscapeRight";
				LD_RUNPATH_SEARCH_PATHS = (
					"$(inherited)",
					"@executable_path/Frameworks",
				);
				MARKETING_VERSION = 1.0;
				PRODUCT_BUNDLE_IDENTIFIER = learning.personal.Planck3D;
				PRODUCT_NAME = "$(TARGET_NAME)";
				SWIFT_EMIT_LOC_STRINGS = YES;
				SWIFT_VERSION = 5.0;
				TARGETED_DEVICE_FAMILY = "1,2";
			};
			name = Debug;
		};
		CCC38B502BE3A57100735840 /* Release */ = {
			isa = XCBuildConfiguration;
			baseConfigurationReference = 0D736F0EABF921C9E7316A34 /* Pods-Planck3D.release.xcconfig */;
			buildSettings = {
				ASSETCATALOG_COMPILER_APPICON_NAME = AppIcon;
				ASSETCATALOG_COMPILER_GLOBAL_ACCENT_COLOR_NAME = AccentColor;
				CODE_SIGN_STYLE = Automatic;
				CURRENT_PROJECT_VERSION = 1;
				DEVELOPMENT_ASSET_PATHS = "\"Planck3D/Preview Content\"";
				DEVELOPMENT_TEAM = 8742X93NKZ;
				ENABLE_PREVIEWS = YES;
				GENERATE_INFOPLIST_FILE = YES;
				INFOPLIST_KEY_UIApplicationSceneManifest_Generation = YES;
				INFOPLIST_KEY_UIApplicationSupportsIndirectInputEvents = YES;
				INFOPLIST_KEY_UILaunchScreen_Generation = YES;
				INFOPLIST_KEY_UISupportedInterfaceOrientations_iPad = "UIInterfaceOrientationPortrait UIInterfaceOrientationPortraitUpsideDown UIInterfaceOrientationLandscapeLeft UIInterfaceOrientationLandscapeRight";
				INFOPLIST_KEY_UISupportedInterfaceOrientations_iPhone = "UIInterfaceOrientationPortrait UIInterfaceOrientationLandscapeLeft UIInterfaceOrientationLandscapeRight";
				LD_RUNPATH_SEARCH_PATHS = (
					"$(inherited)",
					"@executable_path/Frameworks",
				);
				MARKETING_VERSION = 1.0;
				PRODUCT_BUNDLE_IDENTIFIER = learning.personal.Planck3D;
				PRODUCT_NAME = "$(TARGET_NAME)";
				SWIFT_EMIT_LOC_STRINGS = YES;
				SWIFT_VERSION = 5.0;
				TARGETED_DEVICE_FAMILY = "1,2";
			};
			name = Release;
		};
/* End XCBuildConfiguration section */

/* Begin XCConfigurationList section */
		CCC38B3B2BE3A57000735840 /* Build configuration list for PBXProject "Planck3D" */ = {
			isa = XCConfigurationList;
			buildConfigurations = (
				CCC38B4C2BE3A57100735840 /* Debug */,
				CCC38B4D2BE3A57100735840 /* Release */,
			);
			defaultConfigurationIsVisible = 0;
			defaultConfigurationName = Release;
		};
		CCC38B4E2BE3A57100735840 /* Build configuration list for PBXNativeTarget "Planck3D" */ = {
			isa = XCConfigurationList;
			buildConfigurations = (
				CCC38B4F2BE3A57100735840 /* Debug */,
				CCC38B502BE3A57100735840 /* Release */,
			);
			defaultConfigurationIsVisible = 0;
			defaultConfigurationName = Release;
		};
/* End XCConfigurationList section */
	};
	rootObject = CCC38B382BE3A57000735840 /* Project object */;
}
